
Microsoft Visual Studio Solution File, Format Version 12.00
# Visual Studio Version 16
VisualStudioVersion = 16.0.31105.61
MinimumVisualStudioVersion = 10.0.40219.1
Project("{FAE04EC0-301F-11D3-BF4B-00C04F79EFBC}") = "Exceptions", "Exceptions\Exceptions.csproj", "{212E3DEC-FF11-4C26-B776-2170B743A4F7}"
EndProject
Global
	GlobalSection(SolutionConfigurationPlatforms) = preSolution
		Debug|Any CPU = Debug|Any CPU
		Release|Any CPU = Release|Any CPU
	EndGlobalSection
	GlobalSection(ProjectConfigurationPlatforms) = postSolution
		{212E3DEC-FF11-4C26-B776-2170B743A4F7}.Debug|Any CPU.ActiveCfg = Debug|Any CPU
		{212E3DEC-FF11-4C26-B776-2170B743A4F7}.Debug|Any CPU.Build.0 = Debug|Any CPU
		{212E3DEC-FF11-4C26-B776-2170B743A4F7}.Release|Any CPU.ActiveCfg = Release|Any CPU
		{212E3DEC-FF11-4C26-B776-2170B743A4F7}.Release|Any CPU.Build.0 = Release|Any CPU
	EndGlobalSection
	GlobalSection(SolutionProperties) = preSolution
		HideSolutionNode = FALSE
	EndGlobalSection
	GlobalSection(ExtensibilityGlobals) = postSolution
		SolutionGuid = {FDBCCBBA-EE8F-4CE6-8268-F531AC81074E}
	EndGlobalSection
EndGlobal
